
Microsoft Visual Studio Solution File, Format Version 12.00
# Visual Studio 15
VisualStudioVersion = 15.0.27004.2005
MinimumVisualStudioVersion = 10.0.40219.1
Project("{FAE04EC0-301F-11D3-BF4B-00C04F79EFBC}") = "ApiTablaCoches", "ApiTablaCoches\ApiTablaCoches.csproj", "{D83A5AFF-42F6-4854-A331-7C5BA222B66B}"
EndProject
Global
	GlobalSection(SolutionConfigurationPlatforms) = preSolution
		Debug|Any CPU = Debug|Any CPU
		Release|Any CPU = Release|Any CPU
	EndGlobalSection
	GlobalSection(ProjectConfigurationPlatforms) = postSolution
		{D83A5AFF-42F6-4854-A331-7C5BA222B66B}.Debug|Any CPU.ActiveCfg = Debug|Any CPU
		{D83A5AFF-42F6-4854-A331-7C5BA222B66B}.Debug|Any CPU.Build.0 = Debug|Any CPU
		{D83A5AFF-42F6-4854-A331-7C5BA222B66B}.Release|Any CPU.ActiveCfg = Release|Any CPU
		{D83A5AFF-42F6-4854-A331-7C5BA222B66B}.Release|Any CPU.Build.0 = Release|Any CPU
	EndGlobalSection
	GlobalSection(SolutionProperties) = preSolution
		HideSolutionNode = FALSE
	EndGlobalSection
	GlobalSection(ExtensibilityGlobals) = postSolution
		SolutionGuid = {0663F192-F825-4194-A2B5-9E1EC2FFBC48}
	EndGlobalSection
EndGlobal
