
Microsoft Visual Studio Solution File, Format Version 12.00
# Visual Studio 15
VisualStudioVersion = 15.0.27428.2037
MinimumVisualStudioVersion = 10.0.40219.1
Project("{FAE04EC0-301F-11D3-BF4B-00C04F79EFBC}") = "MigracionXMLTableStorage", "MigracionXMLTableStorage\MigracionXMLTableStorage.csproj", "{28096CC2-A7F8-4215-9E68-8CCB8C3EDCBC}"
EndProject
Global
	GlobalSection(SolutionConfigurationPlatforms) = preSolution
		Debug|Any CPU = Debug|Any CPU
		Release|Any CPU = Release|Any CPU
	EndGlobalSection
	GlobalSection(ProjectConfigurationPlatforms) = postSolution
		{28096CC2-A7F8-4215-9E68-8CCB8C3EDCBC}.Debug|Any CPU.ActiveCfg = Debug|Any CPU
		{28096CC2-A7F8-4215-9E68-8CCB8C3EDCBC}.Debug|Any CPU.Build.0 = Debug|Any CPU
		{28096CC2-A7F8-4215-9E68-8CCB8C3EDCBC}.Release|Any CPU.ActiveCfg = Release|Any CPU
		{28096CC2-A7F8-4215-9E68-8CCB8C3EDCBC}.Release|Any CPU.Build.0 = Release|Any CPU
	EndGlobalSection
	GlobalSection(SolutionProperties) = preSolution
		HideSolutionNode = FALSE
	EndGlobalSection
	GlobalSection(ExtensibilityGlobals) = postSolution
		SolutionGuid = {BF25485C-1D11-40A7-9D05-72D0024AB56B}
	EndGlobalSection
EndGlobal
